
Microsoft Visual Studio Solution File, Format Version 12.00
# Visual Studio Version 17
VisualStudioVersion = 17.6.33723.286
MinimumVisualStudioVersion = 10.0.40219.1
Project("{9A19103F-16F7-4668-BE54-9A1E7A4F7556}") = "SimpleCrawlerDemo", "SimpleCrawlerDemo.csproj", "{4655078E-D323-422E-AAAB-A017EC03CBC3}"
EndProject
Project("{9A19103F-16F7-4668-BE54-9A1E7A4F7556}") = "SimpleCrawler", "..\SimpleCrawler\SimpleCrawler.csproj", "{F3FE2081-9149-4E69-8830-B9B976E5BDAD}"
EndProject
Global
	GlobalSection(SolutionConfigurationPlatforms) = preSolution
		Debug|Any CPU = Debug|Any CPU
		Release|Any CPU = Release|Any CPU
	EndGlobalSection
	GlobalSection(ProjectConfigurationPlatforms) = postSolution
		{4655078E-D323-422E-AAAB-A017EC03CBC3}.Debug|Any CPU.ActiveCfg = Debug|Any CPU
		{4655078E-D323-422E-AAAB-A017EC03CBC3}.Debug|Any CPU.Build.0 = Debug|Any CPU
		{4655078E-D323-422E-AAAB-A017EC03CBC3}.Release|Any CPU.ActiveCfg = Release|Any CPU
		{4655078E-D323-422E-AAAB-A017EC03CBC3}.Release|Any CPU.Build.0 = Release|Any CPU
		{F3FE2081-9149-4E69-8830-B9B976E5BDAD}.Debug|Any CPU.ActiveCfg = Debug|Any CPU
		{F3FE2081-9149-4E69-8830-B9B976E5BDAD}.Debug|Any CPU.Build.0 = Debug|Any CPU
		{F3FE2081-9149-4E69-8830-B9B976E5BDAD}.Release|Any CPU.ActiveCfg = Release|Any CPU
		{F3FE2081-9149-4E69-8830-B9B976E5BDAD}.Release|Any CPU.Build.0 = Release|Any CPU
	EndGlobalSection
	GlobalSection(SolutionProperties) = preSolution
		HideSolutionNode = FALSE
	EndGlobalSection
	GlobalSection(ExtensibilityGlobals) = postSolution
		SolutionGuid = {00460C90-9DF2-4D37-8D6D-FF7211265F7F}
	EndGlobalSection
EndGlobal
